
Microsoft Visual Studio Solution File, Format Version 12.00
# Visual Studio Version 17
VisualStudioVersion = 17.14.36202.13
MinimumVisualStudioVersion = 10.0.40219.1
Project("{2150E333-8FDC-42A3-9474-1A3956D46DE8}") = "Services", "Services", "{02EA681E-C7D8-13C7-8484-4AC65E1B71E8}"
EndProject
Project("{2150E333-8FDC-42A3-9474-1A3956D46DE8}") = "Pokemon", "Pokemon", "{49FF4BE6-7A69-4D7F-A405-73996BF11F4A}"
EndProject
Project("{FAE04EC0-301F-11D3-BF4B-00C04F79EFBC}") = "Pokemon.API", "Services\Pokemon\Pokemon.API\Pokemon.API.csproj", "{26635032-B7BF-4B0A-A25A-A368D34CC899}"
EndProject
Global
	GlobalSection(SolutionConfigurationPlatforms) = preSolution
		Debug|Any CPU = Debug|Any CPU
		Release|Any CPU = Release|Any CPU
	EndGlobalSection
	GlobalSection(ProjectConfigurationPlatforms) = postSolution
		{26635032-B7BF-4B0A-A25A-A368D34CC899}.Debug|Any CPU.ActiveCfg = Debug|Any CPU
		{26635032-B7BF-4B0A-A25A-A368D34CC899}.Debug|Any CPU.Build.0 = Debug|Any CPU
		{26635032-B7BF-4B0A-A25A-A368D34CC899}.Release|Any CPU.ActiveCfg = Release|Any CPU
		{26635032-B7BF-4B0A-A25A-A368D34CC899}.Release|Any CPU.Build.0 = Release|Any CPU
	EndGlobalSection
	GlobalSection(SolutionProperties) = preSolution
		HideSolutionNode = FALSE
	EndGlobalSection
	GlobalSection(NestedProjects) = preSolution
		{49FF4BE6-7A69-4D7F-A405-73996BF11F4A} = {02EA681E-C7D8-13C7-8484-4AC65E1B71E8}
		{26635032-B7BF-4B0A-A25A-A368D34CC899} = {49FF4BE6-7A69-4D7F-A405-73996BF11F4A}
	EndGlobalSection
	GlobalSection(ExtensibilityGlobals) = postSolution
		SolutionGuid = {8A5CBD3C-86FA-411E-AC48-8F74F698C341}
	EndGlobalSection
EndGlobal
